Microsoft Visual Studio Solution File, Format Version 11.00
# Visual Studio 2008

Project("{347761B8-9848-6A1C-9AC9-FE0498D2CA07}") = "SuperMarioKart", "Assembly-CSharp-vs.csproj", "{4D1B0447-8B13-22D6-4C82-EDCFFCEFDE7F}"
EndProject
Global
	GlobalSection(SolutionConfigurationPlatforms) = preSolution
		Debug|Any CPU = Debug|Any CPU
		Release|Any CPU = Release|Any CPU
	EndGlobalSection
	GlobalSection(ProjectConfigurationPlatforms) = postSolution
		{4D1B0447-8B13-22D6-4C82-EDCFFCEFDE7F}.Debug|Any CPU.ActiveCfg = Debug|Any CPU
		{4D1B0447-8B13-22D6-4C82-EDCFFCEFDE7F}.Debug|Any CPU.Build.0 = Debug|Any CPU
		{4D1B0447-8B13-22D6-4C82-EDCFFCEFDE7F}.Release|Any CPU.ActiveCfg = Release|Any CPU
		{4D1B0447-8B13-22D6-4C82-EDCFFCEFDE7F}.Release|Any CPU.Build.0 = Release|Any CPU
	EndGlobalSection
	GlobalSection(SolutionProperties) = preSolution
		HideSolutionNode = FALSE
	EndGlobalSection
																																																																																																																																																																									GlobalSection(MonoDevelopProperties) = preSolution
		StartupItem = Assembly-CSharp.csproj
		Policies = $0
		$0.TextStylePolicy = $1
		$1.inheritsSet = null
		$1.scope = text/x-csharp
		$0.CSharpFormattingPolicy = $2
		$2.inheritsSet = Mono
		$2.inheritsScope = text/x-csharp
		$2.scope = text/x-csharp
		$0.TextStylePolicy = $3
		$3.FileWidth = 120
		$3.TabWidth = 4
		$3.EolMarker = Unix
		$3.inheritsSet = Mono
		$3.inheritsScope = text/plain
		$3.scope = text/plain
	EndGlobalSection

EndGlobal
